// !$*UTF8*$!
{
	archiveVersion = 1;
	classes = {
	};
	objectVersion = 46;
	objects = {

/* Begin PBXBuildFile section */
		A104C8901F0B74A9002491CF /* AppDelegate.swift in Sources */ = {isa = PBXBuildFile; fileRef = A104C88F1F0B74A9002491CF /* AppDelegate.swift */; };
		A104C8921F0B74A9002491CF /* ViewController.swift in Sources */ = {isa = PBXBuildFile; fileRef = A104C8911F0B74A9002491CF /* ViewController.swift */; };
		A104C8951F0B74A9002491CF /* Main.storyboard in Resources */ = {isa = PBXBuildFile; fileRef = A104C8931F0B74A9002491CF /* Main.storyboard */; };
		A104C8971F0B74A9002491CF /* Assets.xcassets in Resources */ = {isa = PBXBuildFile; fileRef = A104C8961F0B74A9002491CF /* Assets.xcassets */; };
		A104C89A1F0B74A9002491CF /* LaunchScreen.storyboard in Resources */ = {isa = PBXBuildFile; fileRef = A104C8981F0B74A9002491CF /* LaunchScreen.storyboard */; };
		A104C8A51F0B74A9002491CF /* SwiftProductStudyTests.swift in Sources */ = {isa = PBXBuildFile; fileRef = A104C8A41F0B74A9002491CF /* SwiftProductStudyTests.swift */; };
		A104C8B01F0B74A9002491CF /* SwiftProductStudyUITests.swift in Sources */ = {isa = PBXBuildFile; fileRef = A104C8AF1F0B74A9002491CF /* SwiftProductStudyUITests.swift */; };
		A104C8BE1F0B74F9002491CF /* Product.swift in Sources */ = {isa = PBXBuildFile; fileRef = A104C8BD1F0B74F9002491CF /* Product.swift */; };
		A104C8C01F0B7566002491CF /* ContactViewController.swift in Sources */ = {isa = PBXBuildFile; fileRef = A104C8BF1F0B7566002491CF /* ContactViewController.swift */; };
		A104C8C21F0B75DE002491CF /* ProductsTableViewController.swift in Sources */ = {isa = PBXBuildFile; fileRef = A104C8C11F0B75DE002491CF /* ProductsTableViewController.swift */; };
		A104C8C81F0B7C58002491CF /* LoveTweetViewController.swift in Sources */ = {isa = PBXBuildFile; fileRef = A104C8C71F0B7C58002491CF /* LoveTweetViewController.swift */; };
		A104C8CB1F0B8358002491CF /* StopWatch.swift in Sources */ = {isa = PBXBuildFile; fileRef = A104C8CA1F0B8358002491CF /* StopWatch.swift */; };
		A104C8CD1F0B83C6002491CF /* StopWatchViewController.swift in Sources */ = {isa = PBXBuildFile; fileRef = A104C8CC1F0B83C6002491CF /* StopWatchViewController.swift */; };
		A104C8D11F0C81DE002491CF /* Utils.swift in Sources */ = {isa = PBXBuildFile; fileRef = A104C8D01F0C81DE002491CF /* Utils.swift */; };
		A104C8D31F0C8290002491CF /* TodoItem.swift in Sources */ = {isa = PBXBuildFile; fileRef = A104C8D21F0C8290002491CF /* TodoItem.swift */; };
		A104C8D51F0C83A2002491CF /* TodoViewController.swift in Sources */ = {isa = PBXBuildFile; fileRef = A104C8D41F0C83A2002491CF /* TodoViewController.swift */; };
		A104C8D71F0C8AF7002491CF /* DetailViewController.swift in Sources */ = {isa = PBXBuildFile; fileRef = A104C8D61F0C8AF7002491CF /* DetailViewController.swift */; };
		A104C8F81F0F61AB002491CF /* ArtistListViewController.swift in Sources */ = {isa = PBXBuildFile; fileRef = A104C8F71F0F61AB002491CF /* ArtistListViewController.swift */; };
		A104C8FA1F0F62F7002491CF /* Artist.swift in Sources */ = {isa = PBXBuildFile; fileRef = A104C8F91F0F62F7002491CF /* Artist.swift */; };
		A104C8FC1F0F631B002491CF /* Work.swift in Sources */ = {isa = PBXBuildFile; fileRef = A104C8FB1F0F631B002491CF /* Work.swift */; };
		A104C8FE1F0F6811002491CF /* artists.json in Resources */ = {isa = PBXBuildFile; fileRef = A104C8FD1F0F6811002491CF /* artists.json */; };
		A104C9001F107544002491CF /* ArtistTableViewCell.swift in Sources */ = {isa = PBXBuildFile; fileRef = A104C8FF1F107544002491CF /* ArtistTableViewCell.swift */; };
		A104C9021F10778F002491CF /* WorkTablelViewCell.swift in Sources */ = {isa = PBXBuildFile; fileRef = A104C9011F10778F002491CF /* WorkTablelViewCell.swift */; };
		A104C9041F1077E3002491CF /* ArtistDetailViewController.swift in Sources */ = {isa = PBXBuildFile; fileRef = A104C9031F1077E3002491CF /* ArtistDetailViewController.swift */; };
		A104C9091F107FFD002491CF /* NewsTableViewCell.swift in Sources */ = {isa = PBXBuildFile; fileRef = A104C9081F107FFD002491CF /* NewsTableViewCell.swift */; };
		A104C90B1F108028002491CF /* NewsTableViewController.swift in Sources */ = {isa = PBXBuildFile; fileRef = A104C90A1F108028002491CF /* NewsTableViewController.swift */; };
		A104C90D1F10818B002491CF /* FeedParser.swift in Sources */ = {isa = PBXBuildFile; fileRef = A104C90C1F10818B002491CF /* FeedParser.swift */; };
		A104C9121F108C6F002491CF /* CandyDetailViewController.swift in Sources */ = {isa = PBXBuildFile; fileRef = A104C9111F108C6F002491CF /* CandyDetailViewController.swift */; };
		A104C9141F108C7A002491CF /* Candy.swift in Sources */ = {isa = PBXBuildFile; fileRef = A104C9131F108C7A002491CF /* Candy.swift */; };
		A104C9161F108C8F002491CF /* MasterViewController.swift in Sources */ = {isa = PBXBuildFile; fileRef = A104C9151F108C8F002491CF /* MasterViewController.swift */; };
		A104C91D1F1365A2002491CF /* JMStringExtensions.swift in Sources */ = {isa = PBXBuildFile; fileRef = A104C91C1F1365A2002491CF /* JMStringExtensions.swift */; };
		A16EBA671F160CD400B0D4FD /* FBBaseViewController.swift in Sources */ = {isa = PBXBuildFile; fileRef = A16EBA661F160CD400B0D4FD /* FBBaseViewController.swift */; };
		A16EBA691F160CFF00B0D4FD /* Specs.swift in Sources */ = {isa = PBXBuildFile; fileRef = A16EBA681F160CFF00B0D4FD /* Specs.swift */; };
		A16EBA6B1F160D6B00B0D4FD /* UIColor+Extension.swift in Sources */ = {isa = PBXBuildFile; fileRef = A16EBA6A1F160D6B00B0D4FD /* UIColor+Extension.swift */; };
		A16EBA6F1F16120600B0D4FD /* FBMeViewController.swift in Sources */ = {isa = PBXBuildFile; fileRef = A16EBA6E1F16120600B0D4FD /* FBMeViewController.swift */; };
		A16EBA711F1612D000B0D4FD /* FBMeUser.swift in Sources */ = {isa = PBXBuildFile; fileRef = A16EBA701F1612D000B0D4FD /* FBMeUser.swift */; };
		A16EBA731F1613BB00B0D4FD /* TableKeys.swift in Sources */ = {isa = PBXBuildFile; fileRef = A16EBA721F1613BB00B0D4FD /* TableKeys.swift */; };
		A16EBA751F1615CC00B0D4FD /* FBMeBaseCell.swift in Sources */ = {isa = PBXBuildFile; fileRef = A16EBA741F1615CC00B0D4FD /* FBMeBaseCell.swift */; };
		A16EBA7B1F161A0C00B0D4FD /* Interest.swift in Sources */ = {isa = PBXBuildFile; fileRef = A16EBA7A1F161A0C00B0D4FD /* Interest.swift */; };
		A16EBA7D1F163FAF00B0D4FD /* HomeViewController.swift in Sources */ = {isa = PBXBuildFile; fileRef = A16EBA7C1F163FAF00B0D4FD /* HomeViewController.swift */; };
		A16EBA7F1F16417200B0D4FD /* InterestCollectionViewCell.swift in Sources */ = {isa = PBXBuildFile; fileRef = A16EBA7E1F16417200B0D4FD /* InterestCollectionViewCell.swift */; };
		A16EBA831F170D2E00B0D4FD /* AnimationViewController.swift in Sources */ = {isa = PBXBuildFile; fileRef = A16EBA821F170D2E00B0D4FD /* AnimationViewController.swift */; };
		A16EBA851F17336A00B0D4FD /* Common.swift in Sources */ = {isa = PBXBuildFile; fileRef = A16EBA841F17336A00B0D4FD /* Common.swift */; };
		A16EBA871F1743B800B0D4FD /* AnimationDetailViewController.swift in Sources */ = {isa = PBXBuildFile; fileRef = A16EBA861F1743B800B0D4FD /* AnimationDetailViewController.swift */; };
/* End PBXBuildFile section */

/* Begin PBXContainerItemProxy section */
		A104C8A11F0B74A9002491CF /* PBXContainerItemProxy */ = {
			isa = PBXContainerItemProxy;
			containerPortal = A104C8841F0B74A9002491CF /* Project object */;
			proxyType = 1;
			remoteGlobalIDString = A104C88B1F0B74A9002491CF;
			remoteInfo = SwiftProductStudy;
		};
		A104C8AC1F0B74A9002491CF /* PBXContainerItemProxy */ = {
			isa = PBXContainerItemProxy;
			containerPortal = A104C8841F0B74A9002491CF /* Project object */;
			proxyType = 1;
			remoteGlobalIDString = A104C88B1F0B74A9002491CF;
			remoteInfo = SwiftProductStudy;
		};
/* End PBXContainerItemProxy section */

/* Begin PBXFileReference section */
		A104C88C1F0B74A9002491CF /* SwiftProductStudy.app */ = {isa = PBXFileReference; explicitFileType = wrapper.application; includeInIndex = 0; path = SwiftProductStudy.app; sourceTree = BUILT_PRODUCTS_DIR; };
		A104C88F1F0B74A9002491CF /* AppDelegate.swift */ = {isa = PBXFileReference; lastKnownFileType = sourcecode.swift; path = AppDelegate.swift; sourceTree = "<group>"; };
		A104C8911F0B74A9002491CF /* ViewController.swift */ = {isa = PBXFileReference; lastKnownFileType = sourcecode.swift; path = ViewController.swift; sourceTree = "<group>"; };
		A104C8941F0B74A9002491CF /* Base */ = {isa = PBXFileReference; lastKnownFileType = file.storyboard; name = Base; path = Base.lproj/Main.storyboard; sourceTree = "<group>"; };
		A104C8961F0B74A9002491CF /* Assets.xcassets */ = {isa = PBXFileReference; lastKnownFileType = folder.assetcatalog; path = Assets.xcassets; sourceTree = "<group>"; };
		A104C8991F0B74A9002491CF /* Base */ = {isa = PBXFileReference; lastKnownFileType = file.storyboard; name = Base; path = Base.lproj/LaunchScreen.storyboard; sourceTree = "<group>"; };
		A104C89B1F0B74A9002491CF /* Info.plist */ = {isa = PBXFileReference; lastKnownFileType = text.plist.xml; path = Info.plist; sourceTree = "<group>"; };
		A104C8A01F0B74A9002491CF /* SwiftProductStudyTests.xctest */ = {isa = PBXFileReference; explicitFileType = wrapper.cfbundle; includeInIndex = 0; path = SwiftProductStudyTests.xctest; sourceTree = BUILT_PRODUCTS_DIR; };
		A104C8A41F0B74A9002491CF /* SwiftProductStudyTests.swift */ = {isa = PBXFileReference; lastKnownFileType = sourcecode.swift; path = SwiftProductStudyTests.swift; sourceTree = "<group>"; };
		A104C8A61F0B74A9002491CF /* Info.plist */ = {isa = PBXFileReference; lastKnownFileType = text.plist.xml; path = Info.plist; sourceTree = "<group>"; };
		A104C8AB1F0B74A9002491CF /* SwiftProductStudyUITests.xctest */ = {isa = PBXFileReference; explicitFileType = wrapper.cfbundle; includeInIndex = 0; path = SwiftProductStudyUITests.xctest; sourceTree = BUILT_PRODUCTS_DIR; };
		A104C8AF1F0B74A9002491CF /* SwiftProductStudyUITests.swift */ = {isa = PBXFileReference; lastKnownFileType = sourcecode.swift; path = SwiftProductStudyUITests.swift; sourceTree = "<group>"; };
		A104C8B11F0B74A9002491CF /* Info.plist */ = {isa = PBXFileReference; lastKnownFileType = text.plist.xml; path = Info.plist; sourceTree = "<group>"; };
		A104C8BD1F0B74F9002491CF /* Product.swift */ = {isa = PBXFileReference; fileEncoding = 4; lastKnownFileType = sourcecode.swift; path = Product.swift; sourceTree = "<group>"; };
		A104C8BF1F0B7566002491CF /* ContactViewController.swift */ = {isa = PBXFileReference; fileEncoding = 4; lastKnownFileType = sourcecode.swift; path = ContactViewController.swift; sourceTree = "<group>"; };
		A104C8C11F0B75DE002491CF /* ProductsTableViewController.swift */ = {isa = PBXFileReference; fileEncoding = 4; lastKnownFileType = sourcecode.swift; path = ProductsTableViewController.swift; sourceTree = "<group>"; };
		A104C8C71F0B7C58002491CF /* LoveTweetViewController.swift */ = {isa = PBXFileReference; fileEncoding = 4; lastKnownFileType = sourcecode.swift; path = LoveTweetViewController.swift; sourceTree = "<group>"; };
		A104C8CA1F0B8358002491CF /* StopWatch.swift */ = {isa = PBXFileReference; fileEncoding = 4; lastKnownFileType = sourcecode.swift; path = StopWatch.swift; sourceTree = "<group>"; };
		A104C8CC1F0B83C6002491CF /* StopWatchViewController.swift */ = {isa = PBXFileReference; fileEncoding = 4; lastKnownFileType = sourcecode.swift; path = StopWatchViewController.swift; sourceTree = "<group>"; };
		A104C8D01F0C81DE002491CF /* Utils.swift */ = {isa = PBXFileReference; fileEncoding = 4; lastKnownFileType = sourcecode.swift; path = Utils.swift; sourceTree = "<group>"; };
		A104C8D21F0C8290002491CF /* TodoItem.swift */ = {isa = PBXFileReference; fileEncoding = 4; lastKnownFileType = sourcecode.swift; path = TodoItem.swift; sourceTree = "<group>"; };
		A104C8D41F0C83A2002491CF /* TodoViewController.swift */ = {isa = PBXFileReference; fileEncoding = 4; lastKnownFileType = sourcecode.swift; path = TodoViewController.swift; sourceTree = "<group>"; };
		A104C8D61F0C8AF7002491CF /* DetailViewController.swift */ = {isa = PBXFileReference; fileEncoding = 4; lastKnownFileType = sourcecode.swift; path = DetailViewController.swift; sourceTree = "<group>"; };
		A104C8F71F0F61AB002491CF /* ArtistListViewController.swift */ = {isa = PBXFileReference; fileEncoding = 4; lastKnownFileType = sourcecode.swift; path = ArtistListViewController.swift; sourceTree = "<group>"; };
		A104C8F91F0F62F7002491CF /* Artist.swift */ = {isa = PBXFileReference; fileEncoding = 4; lastKnownFileType = sourcecode.swift; path = Artist.swift; sourceTree = "<group>"; };
		A104C8FB1F0F631B002491CF /* Work.swift */ = {isa = PBXFileReference; fileEncoding = 4; lastKnownFileType = sourcecode.swift; path = Work.swift; sourceTree = "<group>"; };
		A104C8FD1F0F6811002491CF /* artists.json */ = {isa = PBXFileReference; fileEncoding = 4; lastKnownFileType = text.json; path = artists.json; sourceTree = "<group>"; };
		A104C8FF1F107544002491CF /* ArtistTableViewCell.swift */ = {isa = PBXFileReference; fileEncoding = 4; lastKnownFileType = sourcecode.swift; path = ArtistTableViewCell.swift; sourceTree = "<group>"; };
		A104C9011F10778F002491CF /* WorkTablelViewCell.swift */ = {isa = PBXFileReference; fileEncoding = 4; lastKnownFileType = sourcecode.swift; path = WorkTablelViewCell.swift; sourceTree = "<group>"; };
		A104C9031F1077E3002491CF /* ArtistDetailViewController.swift */ = {isa = PBXFileReference; fileEncoding = 4; lastKnownFileType = sourcecode.swift; path = ArtistDetailViewController.swift; sourceTree = "<group>"; };
		A104C9081F107FFD002491CF /* NewsTableViewCell.swift */ = {isa = PBXFileReference; fileEncoding = 4; lastKnownFileType = sourcecode.swift; path = NewsTableViewCell.swift; sourceTree = "<group>"; };
		A104C90A1F108028002491CF /* NewsTableViewController.swift */ = {isa = PBXFileReference; fileEncoding = 4; lastKnownFileType = sourcecode.swift; path = NewsTableViewController.swift; sourceTree = "<group>"; };
		A104C90C1F10818B002491CF /* FeedParser.swift */ = {isa = PBXFileReference; fileEncoding = 4; lastKnownFileType = sourcecode.swift; path = FeedParser.swift; sourceTree = "<group>"; };
		A104C9111F108C6F002491CF /* CandyDetailViewController.swift */ = {isa = PBXFileReference; fileEncoding = 4; lastKnownFileType = sourcecode.swift; path = CandyDetailViewController.swift; sourceTree = "<group>"; };
		A104C9131F108C7A002491CF /* Candy.swift */ = {isa = PBXFileReference; fileEncoding = 4; lastKnownFileType = sourcecode.swift; path = Candy.swift; sourceTree = "<group>"; };
		A104C9151F108C8F002491CF /* MasterViewController.swift */ = {isa = PBXFileReference; fileEncoding = 4; lastKnownFileType = sourcecode.swift; path = MasterViewController.swift; sourceTree = "<group>"; };
		A104C91C1F1365A2002491CF /* JMStringExtensions.swift */ = {isa = PBXFileReference; fileEncoding = 4; lastKnownFileType = sourcecode.swift; path = JMStringExtensions.swift; sourceTree = "<group>"; };
		A16EBA661F160CD400B0D4FD /* FBBaseViewController.swift */ = {isa = PBXFileReference; fileEncoding = 4; lastKnownFileType = sourcecode.swift; path = FBBaseViewController.swift; sourceTree = "<group>"; };
		A16EBA681F160CFF00B0D4FD /* Specs.swift */ = {isa = PBXFileReference; fileEncoding = 4; lastKnownFileType = sourcecode.swift; path = Specs.swift; sourceTree = "<group>"; };
		A16EBA6A1F160D6B00B0D4FD /* UIColor+Extension.swift */ = {isa = PBXFileReference; fileEncoding = 4; lastKnownFileType = sourcecode.swift; path = "UIColor+Extension.swift"; sourceTree = "<group>"; };
		A16EBA6E1F16120600B0D4FD /* FBMeViewController.swift */ = {isa = PBXFileReference; fileEncoding = 4; lastKnownFileType = sourcecode.swift; path = FBMeViewController.swift; sourceTree = "<group>"; };
		A16EBA701F1612D000B0D4FD /* FBMeUser.swift */ = {isa = PBXFileReference; fileEncoding = 4; lastKnownFileType = sourcecode.swift; path = FBMeUser.swift; sourceTree = "<group>"; };
		A16EBA721F1613BB00B0D4FD /* TableKeys.swift */ = {isa = PBXFileReference; fileEncoding = 4; lastKnownFileType = sourcecode.swift; path = TableKeys.swift; sourceTree = "<group>"; };
		A16EBA741F1615CC00B0D4FD /* FBMeBaseCell.swift */ = {isa = PBXFileReference; fileEncoding = 4; lastKnownFileType = sourcecode.swift; path = FBMeBaseCell.swift; sourceTree = "<group>"; };
		A16EBA7A1F161A0C00B0D4FD /* Interest.swift */ = {isa = PBXFileReference; fileEncoding = 4; lastKnownFileType = sourcecode.swift; path = Interest.swift; sourceTree = "<group>"; };
		A16EBA7C1F163FAF00B0D4FD /* HomeViewController.swift */ = {isa = PBXFileReference; fileEncoding = 4; lastKnownFileType = sourcecode.swift; path = HomeViewController.swift; sourceTree = "<group>"; };
		A16EBA7E1F16417200B0D4FD /* InterestCollectionViewCell.swift */ = {isa = PBXFileReference; fileEncoding = 4; lastKnownFileType = sourcecode.swift; path = InterestCollectionViewCell.swift; sourceTree = "<group>"; };
		A16EBA821F170D2E00B0D4FD /* AnimationViewController.swift */ = {isa = PBXFileReference; fileEncoding = 4; lastKnownFileType = sourcecode.swift; path = AnimationViewController.swift; sourceTree = "<group>"; };
		A16EBA841F17336A00B0D4FD /* Common.swift */ = {isa = PBXFileReference; fileEncoding = 4; lastKnownFileType = sourcecode.swift; path = Common.swift; sourceTree = "<group>"; };
		A16EBA861F1743B800B0D4FD /* AnimationDetailViewController.swift */ = {isa = PBXFileReference; fileEncoding = 4; lastKnownFileType = sourcecode.swift; path = AnimationDetailViewController.swift; sourceTree = "<group>"; };
/* End PBXFileReference section */

/* Begin PBXFrameworksBuildPhase section */
		A104C8891F0B74A9002491CF /* Frameworks */ = {
			isa = PBXFrameworksBuildPhase;
			buildActionMask = 2147483647;
			files = (
			);
			runOnlyForDeploymentPostprocessing = 0;
		};
		A104C89D1F0B74A9002491CF /* Frameworks */ = {
			isa = PBXFrameworksBuildPhase;
			buildActionMask = 2147483647;
			files = (
			);
			runOnlyForDeploymentPostprocessing = 0;
		};
		A104C8A81F0B74A9002491CF /* Frameworks */ = {
			isa = PBXFrameworksBuildPhase;
			buildActionMask = 2147483647;
			files = (
			);
			runOnlyForDeploymentPostprocessing = 0;
		};
/* End PBXFrameworksBuildPhase section */

/* Begin PBXGroup section */
		A104C8831F0B74A9002491CF = {
			isa = PBXGroup;
			children = (
				A104C88E1F0B74A9002491CF /* SwiftProductStudy */,
				A104C8A31F0B74A9002491CF /* SwiftProductStudyTests */,
				A104C8AE1F0B74A9002491CF /* SwiftProductStudyUITests */,
				A104C88D1F0B74A9002491CF /* Products */,
			);
			sourceTree = "<group>";
		};
		A104C88D1F0B74A9002491CF /* Products */ = {
			isa = PBXGroup;
			children = (
				A104C88C1F0B74A9002491CF /* SwiftProductStudy.app */,
				A104C8A01F0B74A9002491CF /* SwiftProductStudyTests.xctest */,
				A104C8AB1F0B74A9002491CF /* SwiftProductStudyUITests.xctest */,
			);
			name = Products;
			sourceTree = "<group>";
		};
		A104C88E1F0B74A9002491CF /* SwiftProductStudy */ = {
			isa = PBXGroup;
			children = (
				A16EBA881F17565400B0D4FD /* PhotoScroll */,
				A16EBA801F1644F500B0D4FD /* Animation */,
				A16EBA761F1619AB00B0D4FD /* Interest */,
				A16EBA611F160C8700B0D4FD /* FaceBookMe */,
				A104C90E1F108816002491CF /* CandySearch */,
				A104C9051F107F9C002491CF /* SimpleRSSReader */,
				A104C8F31F0F60AF002491CF /* Artistry */,
				A104C8CF1F0C81A7002491CF /* Todo */,
				A104C8C91F0B82DF002491CF /* StopWatch */,
				A104C8C41F0B79E8002491CF /* LoveTweet */,
				A104C8C31F0B79D4002491CF /* Product1 */,
				A104C9181F135D4A002491CF /* Common */,
				A104C88F1F0B74A9002491CF /* AppDelegate.swift */,
				A104C8911F0B74A9002491CF /* ViewController.swift */,
				A104C8931F0B74A9002491CF /* Main.storyboard */,
				A104C8961F0B74A9002491CF /* Assets.xcassets */,
				A104C8981F0B74A9002491CF /* LaunchScreen.storyboard */,
				A104C89B1F0B74A9002491CF /* Info.plist */,
			);
			path = SwiftProductStudy;
			sourceTree = "<group>";
		};
		A104C8A31F0B74A9002491CF /* SwiftProductStudyTests */ = {
			isa = PBXGroup;
			children = (
				A104C8A41F0B74A9002491CF /* SwiftProductStudyTests.swift */,
				A104C8A61F0B74A9002491CF /* Info.plist */,
			);
			path = SwiftProductStudyTests;
			sourceTree = "<group>";
		};
		A104C8AE1F0B74A9002491CF /* SwiftProductStudyUITests */ = {
			isa = PBXGroup;
			children = (
				A104C8AF1F0B74A9002491CF /* SwiftProductStudyUITests.swift */,
				A104C8B11F0B74A9002491CF /* Info.plist */,
			);
			path = SwiftProductStudyUITests;
			sourceTree = "<group>";
		};
		A104C8C31F0B79D4002491CF /* Product1 */ = {
			isa = PBXGroup;
			children = (
				A104C8BD1F0B74F9002491CF /* Product.swift */,
				A104C8BF1F0B7566002491CF /* ContactViewController.swift */,
				A104C8C11F0B75DE002491CF /* ProductsTableViewController.swift */,
			);
			name = Product1;
			sourceTree = "<group>";
		};
		A104C8C41F0B79E8002491CF /* LoveTweet */ = {
			isa = PBXGroup;
			children = (
				A104C8C71F0B7C58002491CF /* LoveTweetViewController.swift */,
			);
			name = LoveTweet;
			sourceTree = "<group>";
		};
		A104C8C91F0B82DF002491CF /* StopWatch */ = {
			isa = PBXGroup;
			children = (
				A104C8CA1F0B8358002491CF /* StopWatch.swift */,
				A104C8CC1F0B83C6002491CF /* StopWatchViewController.swift */,
			);
			name = StopWatch;
			sourceTree = "<group>";
		};
		A104C8CF1F0C81A7002491CF /* Todo */ = {
			isa = PBXGroup;
			children = (
				A104C8D01F0C81DE002491CF /* Utils.swift */,
				A104C8D21F0C8290002491CF /* TodoItem.swift */,
				A104C8D41F0C83A2002491CF /* TodoViewController.swift */,
				A104C8D61F0C8AF7002491CF /* DetailViewController.swift */,
			);
			name = Todo;
			sourceTree = "<group>";
		};
		A104C8F31F0F60AF002491CF /* Artistry */ = {
			isa = PBXGroup;
			children = (
				A104C8F61F0F6157002491CF /* ViewControllers */,
				A104C8F51F0F6151002491CF /* Models */,
				A104C8F41F0F6146002491CF /* Views */,
			);
			name = Artistry;
			sourceTree = "<group>";
		};
		A104C8F41F0F6146002491CF /* Views */ = {
			isa = PBXGroup;
			children = (
				A104C8FF1F107544002491CF /* ArtistTableViewCell.swift */,
				A104C9031F1077E3002491CF /* ArtistDetailViewController.swift */,
			);
			name = Views;
			sourceTree = "<group>";
		};
		A104C8F51F0F6151002491CF /* Models */ = {
			isa = PBXGroup;
			children = (
				A104C8FD1F0F6811002491CF /* artists.json */,
				A104C8F91F0F62F7002491CF /* Artist.swift */,
				A104C8FB1F0F631B002491CF /* Work.swift */,
			);
			name = Models;
			sourceTree = "<group>";
		};
		A104C8F61F0F6157002491CF /* ViewControllers */ = {
			isa = PBXGroup;
			children = (
				A104C8F71F0F61AB002491CF /* ArtistListViewController.swift */,
				A104C9011F10778F002491CF /* WorkTablelViewCell.swift */,
			);
			name = ViewControllers;
			sourceTree = "<group>";
		};
		A104C9051F107F9C002491CF /* SimpleRSSReader */ = {
			isa = PBXGroup;
			children = (
				A104C90C1F10818B002491CF /* FeedParser.swift */,
				A104C9071F107FE7002491CF /* View */,
				A104C9061F107FDE002491CF /* ViewController */,
			);
			name = SimpleRSSReader;
			sourceTree = "<group>";
		};
		A104C9061F107FDE002491CF /* ViewController */ = {
			isa = PBXGroup;
			children = (
				A104C90A1F108028002491CF /* NewsTableViewController.swift */,
			);
			name = ViewController;
			sourceTree = "<group>";
		};
		A104C9071F107FE7002491CF /* View */ = {
			isa = PBXGroup;
			children = (
				A104C9081F107FFD002491CF /* NewsTableViewCell.swift */,
			);
			name = View;
			sourceTree = "<group>";
		};
		A104C90E1F108816002491CF /* CandySearch */ = {
			isa = PBXGroup;
			children = (
				A104C9151F108C8F002491CF /* MasterViewController.swift */,
				A104C9111F108C6F002491CF /* CandyDetailViewController.swift */,
				A104C9131F108C7A002491CF /* Candy.swift */,
			);
			name = CandySearch;
			sourceTree = "<group>";
		};
		A104C9181F135D4A002491CF /* Common */ = {
			isa = PBXGroup;
			children = (
				A104C91B1F13649D002491CF /* Extension */,
			);
			name = Common;
			sourceTree = "<group>";
		};
		A104C91B1F13649D002491CF /* Extension */ = {
			isa = PBXGroup;
			children = (
				A104C91C1F1365A2002491CF /* JMStringExtensions.swift */,
			);
			name = Extension;
			sourceTree = "<group>";
		};
		A16EBA611F160C8700B0D4FD /* FaceBookMe */ = {
			isa = PBXGroup;
			children = (
				A16EBA651F160CAB00B0D4FD /* Models */,
				A16EBA641F160CA400B0D4FD /* Views */,
				A16EBA631F160C9E00B0D4FD /* ViewController */,
				A16EBA621F160C9800B0D4FD /* Helper */,
			);
			name = FaceBookMe;
			sourceTree = "<group>";
		};
		A16EBA621F160C9800B0D4FD /* Helper */ = {
			isa = PBXGroup;
			children = (
				A16EBA681F160CFF00B0D4FD /* Specs.swift */,
				A16EBA6A1F160D6B00B0D4FD /* UIColor+Extension.swift */,
				A16EBA721F1613BB00B0D4FD /* TableKeys.swift */,
			);
			name = Helper;
			sourceTree = "<group>";
		};
		A16EBA631F160C9E00B0D4FD /* ViewController */ = {
			isa = PBXGroup;
			children = (
				A16EBA661F160CD400B0D4FD /* FBBaseViewController.swift */,
				A16EBA6E1F16120600B0D4FD /* FBMeViewController.swift */,
			);
			name = ViewController;
			sourceTree = "<group>";
		};
		A16EBA641F160CA400B0D4FD /* Views */ = {
			isa = PBXGroup;
			children = (
				A16EBA741F1615CC00B0D4FD /* FBMeBaseCell.swift */,
			);
			name = Views;
			sourceTree = "<group>";
		};
		A16EBA651F160CAB00B0D4FD /* Models */ = {
			isa = PBXGroup;
			children = (
				A16EBA701F1612D000B0D4FD /* FBMeUser.swift */,
			);
			name = Models;
			sourceTree = "<group>";
		};
		A16EBA761F1619AB00B0D4FD /* Interest */ = {
			isa = PBXGroup;
			children = (
				A16EBA791F1619C600B0D4FD /* Model */,
				A16EBA781F1619C100B0D4FD /* View */,
				A16EBA771F1619B900B0D4FD /* Controller */,
			);
			name = Interest;
			sourceTree = "<group>";
		};
		A16EBA771F1619B900B0D4FD /* Controller */ = {
			isa = PBXGroup;
			children = (
				A16EBA7C1F163FAF00B0D4FD /* HomeViewController.swift */,
			);
			name = Controller;
			sourceTree = "<group>";
		};
		A16EBA781F1619C100B0D4FD /* View */ = {
			isa = PBXGroup;
			children = (
				A16EBA7E1F16417200B0D4FD /* InterestCollectionViewCell.swift */,
			);
			name = View;
			sourceTree = "<group>";
		};
		A16EBA791F1619C600B0D4FD /* Model */ = {
			isa = PBXGroup;
			children = (
				A16EBA7A1F161A0C00B0D4FD /* Interest.swift */,
			);
			name = Model;
			sourceTree = "<group>";
		};
		A16EBA801F1644F500B0D4FD /* Animation */ = {
			isa = PBXGroup;
			children = (
				A16EBA821F170D2E00B0D4FD /* AnimationViewController.swift */,
				A16EBA841F17336A00B0D4FD /* Common.swift */,
				A16EBA861F1743B800B0D4FD /* AnimationDetailViewController.swift */,
			);
			name = Animation;
			sourceTree = "<group>";
		};
		A16EBA881F17565400B0D4FD /* PhotoScroll */ = {
			isa = PBXGroup;
			children = (
			);
			name = PhotoScroll;
			sourceTree = "<group>";
		};
/* End PBXGroup section */

/* Begin PBXNativeTarget section */
		A104C88B1F0B74A9002491CF /* SwiftProductStudy */ = {
			isa = PBXNativeTarget;
			buildConfigurationList = A104C8B41F0B74A9002491CF /* Build configuration list for PBXNativeTarget "SwiftProductStudy" */;
			buildPhases = (
				A104C8881F0B74A9002491CF /* Sources */,
				A104C8891F0B74A9002491CF /* Frameworks */,
				A104C88A1F0B74A9002491CF /* Resources */,
			);
			buildRules = (
			);
			dependencies = (
			);
			name = SwiftProductStudy;
			productName = SwiftProductStudy;
			productReference = A104C88C1F0B74A9002491CF /* SwiftProductStudy.app */;
			productType = "com.apple.product-type.application";
		};
		A104C89F1F0B74A9002491CF /* SwiftProductStudyTests */ = {
			isa = PBXNativeTarget;
			buildConfigurationList = A104C8B71F0B74A9002491CF /* Build configuration list for PBXNativeTarget "SwiftProductStudyTests" */;
			buildPhases = (
				A104C89C1F0B74A9002491CF /* Sources */,
				A104C89D1F0B74A9002491CF /* Frameworks */,
				A104C89E1F0B74A9002491CF /* Resources */,
			);
			buildRules = (
			);
			dependencies = (
				A104C8A21F0B74A9002491CF /* PBXTargetDependency */,
			);
			name = SwiftProductStudyTests;
			productName = SwiftProductStudyTests;
			productReference = A104C8A01F0B74A9002491CF /* SwiftProductStudyTests.xctest */;
			productType = "com.apple.product-type.bundle.unit-test";
		};
		A104C8AA1F0B74A9002491CF /* SwiftProductStudyUITests */ = {
			isa = PBXNativeTarget;
			buildConfigurationList = A104C8BA1F0B74A9002491CF /* Build configuration list for PBXNativeTarget "SwiftProductStudyUITests" */;
			buildPhases = (
				A104C8A71F0B74A9002491CF /* Sources */,
				A104C8A81F0B74A9002491CF /* Frameworks */,
				A104C8A91F0B74A9002491CF /* Resources */,
			);
			buildRules = (
			);
			dependencies = (
				A104C8AD1F0B74A9002491CF /* PBXTargetDependency */,
			);
			name = SwiftProductStudyUITests;
			productName = SwiftProductStudyUITests;
			productReference = A104C8AB1F0B74A9002491CF /* SwiftProductStudyUITests.xctest */;
			productType = "com.apple.product-type.bundle.ui-testing";
		};
/* End PBXNativeTarget section */

/* Begin PBXProject section */
		A104C8841F0B74A9002491CF /* Project object */ = {
			isa = PBXProject;
			attributes = {
				LastSwiftUpdateCheck = 0830;
				LastUpgradeCheck = 0830;
				ORGANIZATIONNAME = vinci;
				TargetAttributes = {
					A104C88B1F0B74A9002491CF = {
						CreatedOnToolsVersion = 8.3.3;
						DevelopmentTeam = 4F9N4X4L7P;
						ProvisioningStyle = Automatic;
					};
					A104C89F1F0B74A9002491CF = {
						CreatedOnToolsVersion = 8.3.3;
						DevelopmentTeam = 4F9N4X4L7P;
						ProvisioningStyle = Automatic;
						TestTargetID = A104C88B1F0B74A9002491CF;
					};
					A104C8AA1F0B74A9002491CF = {
						CreatedOnToolsVersion = 8.3.3;
						DevelopmentTeam = 4F9N4X4L7P;
						ProvisioningStyle = Automatic;
						TestTargetID = A104C88B1F0B74A9002491CF;
					};
				};
			};
			buildConfigurationList = A104C8871F0B74A9002491CF /* Build configuration list for PBXProject "SwiftProductStudy" */;
			compatibilityVersion = "Xcode 3.2";
			developmentRegion = English;
			hasScannedForEncodings = 0;
			knownRegions = (
				en,
				Base,
			);
			mainGroup = A104C8831F0B74A9002491CF;
			productRefGroup = A104C88D1F0B74A9002491CF /* Products */;
			projectDirPath = "";
			projectRoot = "";
			targets = (
				A104C88B1F0B74A9002491CF /* SwiftProductStudy */,
				A104C89F1F0B74A9002491CF /* SwiftProductStudyTests */,
				A104C8AA1F0B74A9002491CF /* SwiftProductStudyUITests */,
			);
		};
/* End PBXProject section */

/* Begin PBXResourcesBuildPhase section */
		A104C88A1F0B74A9002491CF /* Resources */ = {
			isa = PBXResourcesBuildPhase;
			buildActionMask = 2147483647;
			files = (
				A104C89A1F0B74A9002491CF /* LaunchScreen.storyboard in Resources */,
				A104C8971F0B74A9002491CF /* Assets.xcassets in Resources */,
				A104C8FE1F0F6811002491CF /* artists.json in Resources */,
				A104C8951F0B74A9002491CF /* Main.storyboard in Resources */,
			);
			runOnlyForDeploymentPostprocessing = 0;
		};
		A104C89E1F0B74A9002491CF /* Resources */ = {
			isa = PBXResourcesBuildPhase;
			buildActionMask = 2147483647;
			files = (
			);
			runOnlyForDeploymentPostprocessing = 0;
		};
		A104C8A91F0B74A9002491CF /* Resources */ = {
			isa = PBXResourcesBuildPhase;
			buildActionMask = 2147483647;
			files = (
			);
			runOnlyForDeploymentPostprocessing = 0;
		};
/* End PBXResourcesBuildPhase section */

/* Begin PBXSourcesBuildPhase section */
		A104C8881F0B74A9002491CF /* Sources */ = {
			isa = PBXSourcesBuildPhase;
			buildActionMask = 2147483647;
			files = (
				A104C8D31F0C8290002491CF /* TodoItem.swift in Sources */,
				A104C8921F0B74A9002491CF /* ViewController.swift in Sources */,
				A16EBA751F1615CC00B0D4FD /* FBMeBaseCell.swift in Sources */,
				A16EBA7D1F163FAF00B0D4FD /* HomeViewController.swift in Sources */,
				A16EBA711F1612D000B0D4FD /* FBMeUser.swift in Sources */,
				A104C8FC1F0F631B002491CF /* Work.swift in Sources */,
				A104C9121F108C6F002491CF /* CandyDetailViewController.swift in Sources */,
				A104C90D1F10818B002491CF /* FeedParser.swift in Sources */,
				A104C9021F10778F002491CF /* WorkTablelViewCell.swift in Sources */,
				A104C8CB1F0B8358002491CF /* StopWatch.swift in Sources */,
				A16EBA6B1F160D6B00B0D4FD /* UIColor+Extension.swift in Sources */,
				A104C8D71F0C8AF7002491CF /* DetailViewController.swift in Sources */,
				A104C8D11F0C81DE002491CF /* Utils.swift in Sources */,
				A16EBA7B1F161A0C00B0D4FD /* Interest.swift in Sources */,
				A104C9041F1077E3002491CF /* ArtistDetailViewController.swift in Sources */,
				A16EBA831F170D2E00B0D4FD /* AnimationViewController.swift in Sources */,
				A16EBA7F1F16417200B0D4FD /* InterestCollectionViewCell.swift in Sources */,
				A104C90B1F108028002491CF /* NewsTableViewController.swift in Sources */,
				A16EBA671F160CD400B0D4FD /* FBBaseViewController.swift in Sources */,
				A16EBA691F160CFF00B0D4FD /* Specs.swift in Sources */,
				A104C91D1F1365A2002491CF /* JMStringExtensions.swift in Sources */,
				A104C8C01F0B7566002491CF /* ContactViewController.swift in Sources */,
				A104C9141F108C7A002491CF /* Candy.swift in Sources */,
				A104C8FA1F0F62F7002491CF /* Artist.swift in Sources */,
				A104C9161F108C8F002491CF /* MasterViewController.swift in Sources */,
				A104C8901F0B74A9002491CF /* AppDelegate.swift in Sources */,
				A104C8CD1F0B83C6002491CF /* StopWatchViewController.swift in Sources */,
				A104C8BE1F0B74F9002491CF /* Product.swift in Sources */,
				A104C8F81F0F61AB002491CF /* ArtistListViewController.swift in Sources */,
				A104C8C81F0B7C58002491CF /* LoveTweetViewController.swift in Sources */,
				A16EBA731F1613BB00B0D4FD /* TableKeys.swift in Sources */,
				A16EBA6F1F16120600B0D4FD /* FBMeViewController.swift in Sources */,
				A104C8D51F0C83A2002491CF /* TodoViewController.swift in Sources */,
				A16EBA851F17336A00B0D4FD /* Common.swift in Sources */,
				A104C9001F107544002491CF /* ArtistTableViewCell.swift in Sources */,
				A104C8C21F0B75DE002491CF /* ProductsTableViewController.swift in Sources */,
				A16EBA871F1743B800B0D4FD /* AnimationDetailViewController.swift in Sources */,
				A104C9091F107FFD002491CF /* NewsTableViewCell.swift in Sources */,
			);
			runOnlyForDeploymentPostprocessing = 0;
		};
		A104C89C1F0B74A9002491CF /* Sources */ = {
			isa = PBXSourcesBuildPhase;
			buildActionMask = 2147483647;
			files = (
				A104C8A51F0B74A9002491CF /* SwiftProductStudyTests.swift in Sources */,
			);
			runOnlyForDeploymentPostprocessing = 0;
		};
		A104C8A71F0B74A9002491CF /* Sources */ = {
			isa = PBXSourcesBuildPhase;
			buildActionMask = 2147483647;
			files = (
				A104C8B01F0B74A9002491CF /* SwiftProductStudyUITests.swift in Sources */,
			);
			runOnlyForDeploymentPostprocessing = 0;
		};
/* End PBXSourcesBuildPhase section */

/* Begin PBXTargetDependency section */
		A104C8A21F0B74A9002491CF /* PBXTargetDependency */ = {
			isa = PBXTargetDependency;
			target = A104C88B1F0B74A9002491CF /* SwiftProductStudy */;
			targetProxy = A104C8A11F0B74A9002491CF /* PBXContainerItemProxy */;
		};
		A104C8AD1F0B74A9002491CF /* PBXTargetDependency */ = {
			isa = PBXTargetDependency;
			target = A104C88B1F0B74A9002491CF /* SwiftProductStudy */;
			targetProxy = A104C8AC1F0B74A9002491CF /* PBXContainerItemProxy */;
		};
/* End PBXTargetDependency section */

/* Begin PBXVariantGroup section */
		A104C8931F0B74A9002491CF /* Main.storyboard */ = {
			isa = PBXVariantGroup;
			children = (
				A104C8941F0B74A9002491CF /* Base */,
			);
			name = Main.storyboard;
			sourceTree = "<group>";
		};
		A104C8981F0B74A9002491CF /* LaunchScreen.storyboard */ = {
			isa = PBXVariantGroup;
			children = (
				A104C8991F0B74A9002491CF /* Base */,
			);
			name = LaunchScreen.storyboard;
			sourceTree = "<group>";
		};
/* End PBXVariantGroup section */

/* Begin XCBuildConfiguration section */
		A104C8B21F0B74A9002491CF /* Debug */ = {
			isa = XCBuildConfiguration;
			buildSettings = {
				ALWAYS_SEARCH_USER_PATHS = NO;
				CLANG_ANALYZER_NONNULL = YES;
				CLANG_ANALYZER_NUMBER_OBJECT_CONVERSION = YES_AGGRESSIVE;
				CLANG_CXX_LANGUAGE_STANDARD = "gnu++0x";
				CLANG_CXX_LIBRARY = "libc++";
				CLANG_ENABLE_MODULES = YES;
				CLANG_ENABLE_OBJC_ARC = YES;
				CLANG_WARN_BOOL_CONVERSION = YES;
				CLANG_WARN_CONSTANT_CONVERSION = YES;
				CLANG_WARN_DIRECT_OBJC_ISA_USAGE = YES_ERROR;
				CLANG_WARN_DOCUMENTATION_COMMENTS = YES;
				CLANG_WARN_EMPTY_BODY = YES;
				CLANG_WARN_ENUM_CONVERSION = YES;
				CLANG_WARN_INFINITE_RECURSION = YES;
				CLANG_WARN_INT_CONVERSION = YES;
				CLANG_WARN_OBJC_ROOT_CLASS = YES_ERROR;
				CLANG_WARN_SUSPICIOUS_MOVE = YES;
				CLANG_WARN_UNREACHABLE_CODE = YES;
				CLANG_WARN__DUPLICATE_METHOD_MATCH = YES;
				"CODE_SIGN_IDENTITY[sdk=iphoneos*]" = "iPhone Developer";
				COPY_PHASE_STRIP = NO;
				DEBUG_INFORMATION_FORMAT = dwarf;
				ENABLE_STRICT_OBJC_MSGSEND = YES;
				ENABLE_TESTABILITY = YES;
				GCC_C_LANGUAGE_STANDARD = gnu99;
				GCC_DYNAMIC_NO_PIC = NO;
				GCC_NO_COMMON_BLOCKS = YES;
				GCC_OPTIMIZATION_LEVEL = 0;
				GCC_PREPROCESSOR_DEFINITIONS = (
					"DEBUG=1",
					"$(inherited)",
				);
				GCC_WARN_64_TO_32_BIT_CONVERSION = YES;
				GCC_WARN_ABOUT_RETURN_TYPE = YES_ERROR;
				GCC_WARN_UNDECLARED_SELECTOR = YES;
				GCC_WARN_UNINITIALIZED_AUTOS = YES_AGGRESSIVE;
				GCC_WARN_UNUSED_FUNCTION = YES;
				GCC_WARN_UNUSED_VARIABLE = YES;
				IPHONEOS_DEPLOYMENT_TARGET = 10.3;
				MTL_ENABLE_DEBUG_INFO = YES;
				ONLY_ACTIVE_ARCH = YES;
				SDKROOT = iphoneos;
				SWIFT_ACTIVE_COMPILATION_CONDITIONS = DEBUG;
				SWIFT_OPTIMIZATION_LEVEL = "-Onone";
				TARGETED_DEVICE_FAMILY = "1,2";
			};
			name = Debug;
		};
		A104C8B31F0B74A9002491CF /* Release */ = {
			isa = XCBuildConfiguration;
			buildSettings = {
				ALWAYS_SEARCH_USER_PATHS = NO;
				CLANG_ANALYZER_NONNULL = YES;
				CLANG_ANALYZER_NUMBER_OBJECT_CONVERSION = YES_AGGRESSIVE;
				CLANG_CXX_LANGUAGE_STANDARD = "gnu++0x";
				CLANG_CXX_LIBRARY = "libc++";
				CLANG_ENABLE_MODULES = YES;
				CLANG_ENABLE_OBJC_ARC = YES;
				CLANG_WARN_BOOL_CONVERSION = YES;
				CLANG_WARN_CONSTANT_CONVERSION = YES;
				CLANG_WARN_DIRECT_OBJC_ISA_USAGE = YES_ERROR;
				CLANG_WARN_DOCUMENTATION_COMMENTS = YES;
				CLANG_WARN_EMPTY_BODY = YES;
				CLANG_WARN_ENUM_CONVERSION = YES;
				CLANG_WARN_INFINITE_RECURSION = YES;
				CLANG_WARN_INT_CONVERSION = YES;
				CLANG_WARN_OBJC_ROOT_CLASS = YES_ERROR;
				CLANG_WARN_SUSPICIOUS_MOVE = YES;
				CLANG_WARN_UNREACHABLE_CODE = YES;
				CLANG_WARN__DUPLICATE_METHOD_MATCH = YES;
				"CODE_SIGN_IDENTITY[sdk=iphoneos*]" = "iPhone Developer";
				COPY_PHASE_STRIP = NO;
				DEBUG_INFORMATION_FORMAT = "dwarf-with-dsym";
				ENABLE_NS_ASSERTIONS = NO;
				ENABLE_STRICT_OBJC_MSGSEND = YES;
				GCC_C_LANGUAGE_STANDARD = gnu99;
				GCC_NO_COMMON_BLOCKS = YES;
				GCC_WARN_64_TO_32_BIT_CONVERSION = YES;
				GCC_WARN_ABOUT_RETURN_TYPE = YES_ERROR;
				GCC_WARN_UNDECLARED_SELECTOR = YES;
				GCC_WARN_UNINITIALIZED_AUTOS = YES_AGGRESSIVE;
				GCC_WARN_UNUSED_FUNCTION = YES;
				GCC_WARN_UNUSED_VARIABLE = YES;
				IPHONEOS_DEPLOYMENT_TARGET = 10.3;
				MTL_ENABLE_DEBUG_INFO = NO;
				SDKROOT = iphoneos;
				SWIFT_OPTIMIZATION_LEVEL = "-Owholemodule";
				TARGETED_DEVICE_FAMILY = "1,2";
				VALIDATE_PRODUCT = YES;
			};
			name = Release;
		};
		A104C8B51F0B74A9002491CF /* Debug */ = {
			isa = XCBuildConfiguration;
			buildSettings = {
				ASSETCATALOG_COMPILER_APPICON_NAME = AppIcon;
				DEVELOPMENT_TEAM = 4F9N4X4L7P;
				INFOPLIST_FILE = SwiftProductStudy/Info.plist;
				LD_RUNPATH_SEARCH_PATHS = "$(inherited) @executable_path/Frameworks";
				PRODUCT_BUNDLE_IDENTIFIER = im.pentagon.vinci.SwiftProductStudy;
				PRODUCT_NAME = "$(TARGET_NAME)";
				SWIFT_VERSION = 3.0;
			};
			name = Debug;
		};
		A104C8B61F0B74A9002491CF /* Release */ = {
			isa = XCBuildConfiguration;
			buildSettings = {
				ASSETCATALOG_COMPILER_APPICON_NAME = AppIcon;
				DEVELOPMENT_TEAM = 4F9N4X4L7P;
				INFOPLIST_FILE = SwiftProductStudy/Info.plist;
				LD_RUNPATH_SEARCH_PATHS = "$(inherited) @executable_path/Frameworks";
				PRODUCT_BUNDLE_IDENTIFIER = im.pentagon.vinci.SwiftProductStudy;
				PRODUCT_NAME = "$(TARGET_NAME)";
				SWIFT_VERSION = 3.0;
			};
			name = Release;
		};
		A104C8B81F0B74A9002491CF /* Debug */ = {
			isa = XCBuildConfiguration;
			buildSettings = {
				ALWAYS_EMBED_SWIFT_STANDARD_LIBRARIES = YES;
				BUNDLE_LOADER = "$(TEST_HOST)";
				DEVELOPMENT_TEAM = 4F9N4X4L7P;
				INFOPLIST_FILE = SwiftProductStudyTests/Info.plist;
				LD_RUNPATH_SEARCH_PATHS = "$(inherited) @executable_path/Frameworks @loader_path/Frameworks";
				PRODUCT_BUNDLE_IDENTIFIER = im.pentagon.vinci.SwiftProductStudyTests;
				PRODUCT_NAME = "$(TARGET_NAME)";
				SWIFT_VERSION = 3.0;
				TEST_HOST = "$(BUILT_PRODUCTS_DIR)/SwiftProductStudy.app/SwiftProductStudy";
			};
			name = Debug;
		};
		A104C8B91F0B74A9002491CF /* Release */ = {
			isa = XCBuildConfiguration;
			buildSettings = {
				ALWAYS_EMBED_SWIFT_STANDARD_LIBRARIES = YES;
				BUNDLE_LOADER = "$(TEST_HOST)";
				DEVELOPMENT_TEAM = 4F9N4X4L7P;
				INFOPLIST_FILE = SwiftProductStudyTests/Info.plist;
				LD_RUNPATH_SEARCH_PATHS = "$(inherited) @executable_path/Frameworks @loader_path/Frameworks";
				PRODUCT_BUNDLE_IDENTIFIER = im.pentagon.vinci.SwiftProductStudyTests;
				PRODUCT_NAME = "$(TARGET_NAME)";
				SWIFT_VERSION = 3.0;
				TEST_HOST = "$(BUILT_PRODUCTS_DIR)/SwiftProductStudy.app/SwiftProductStudy";
			};
			name = Release;
		};
		A104C8BB1F0B74A9002491CF /* Debug */ = {
			isa = XCBuildConfiguration;
			buildSettings = {
				ALWAYS_EMBED_SWIFT_STANDARD_LIBRARIES = YES;
				DEVELOPMENT_TEAM = 4F9N4X4L7P;
				INFOPLIST_FILE = SwiftProductStudyUITests/Info.plist;
				LD_RUNPATH_SEARCH_PATHS = "$(inherited) @executable_path/Frameworks @loader_path/Frameworks";
				PRODUCT_BUNDLE_IDENTIFIER = im.pentagon.vinci.SwiftProductStudyUITests;
				PRODUCT_NAME = "$(TARGET_NAME)";
				SWIFT_VERSION = 3.0;
				TEST_TARGET_NAME = SwiftProductStudy;
			};
			name = Debug;
		};
		A104C8BC1F0B74A9002491CF /* Release */ = {
			isa = XCBuildConfiguration;
			buildSettings = {
				ALWAYS_EMBED_SWIFT_STANDARD_LIBRARIES = YES;
				DEVELOPMENT_TEAM = 4F9N4X4L7P;
				INFOPLIST_FILE = SwiftProductStudyUITests/Info.plist;
				LD_RUNPATH_SEARCH_PATHS = "$(inherited) @executable_path/Frameworks @loader_path/Frameworks";
				PRODUCT_BUNDLE_IDENTIFIER = im.pentagon.vinci.SwiftProductStudyUITests;
				PRODUCT_NAME = "$(TARGET_NAME)";
				SWIFT_VERSION = 3.0;
				TEST_TARGET_NAME = SwiftProductStudy;
			};
			name = Release;
		};
/* End XCBuildConfiguration section */

/* Begin XCConfigurationList section */
		A104C8871F0B74A9002491CF /* Build configuration list for PBXProject "SwiftProductStudy" */ = {
			isa = XCConfigurationList;
			buildConfigurations = (
				A104C8B21F0B74A9002491CF /* Debug */,
				A104C8B31F0B74A9002491CF /* Release */,
			);
			defaultConfigurationIsVisible = 0;
			defaultConfigurationName = Release;
		};
		A104C8B41F0B74A9002491CF /* Build configuration list for PBXNativeTarget "SwiftProductStudy" */ = {
			isa = XCConfigurationList;
			buildConfigurations = (
				A104C8B51F0B74A9002491CF /* Debug */,
				A104C8B61F0B74A9002491CF /* Release */,
			);
			defaultConfigurationIsVisible = 0;
			defaultConfigurationName = Release;
		};
		A104C8B71F0B74A9002491CF /* Build configuration list for PBXNativeTarget "SwiftProductStudyTests" */ = {
			isa = XCConfigurationList;
			buildConfigurations = (
				A104C8B81F0B74A9002491CF /* Debug */,
				A104C8B91F0B74A9002491CF /* Release */,
			);
			defaultConfigurationIsVisible = 0;
			defaultConfigurationName = Release;
		};
		A104C8BA1F0B74A9002491CF /* Build configuration list for PBXNativeTarget "SwiftProductStudyUITests" */ = {
			isa = XCConfigurationList;
			buildConfigurations = (
				A104C8BB1F0B74A9002491CF /* Debug */,
				A104C8BC1F0B74A9002491CF /* Release */,
			);
			defaultConfigurationIsVisible = 0;
			defaultConfigurationName = Release;
		};
/* End XCConfigurationList section */
	};
	rootObject = A104C8841F0B74A9002491CF /* Project object */;
}
